
Microsoft Visual Studio Solution File, Format Version 12.00
# Visual Studio Version 16
VisualStudioVersion = 16.0.32407.337
MinimumVisualStudioVersion = 10.0.40219.1
Project("{FAE04EC0-301F-11D3-BF4B-00C04F79EFBC}") = "test_window", "test_window\test_window.csproj", "{60E5E37B-B0E2-4B20-844F-8ED8AE32EE04}"
EndProject
Global
	GlobalSection(SolutionConfigurationPlatforms) = preSolution
		Debug|Any CPU = Debug|Any CPU
		Release|Any CPU = Release|Any CPU
	EndGlobalSection
	GlobalSection(ProjectConfigurationPlatforms) = postSolution
		{60E5E37B-B0E2-4B20-844F-8ED8AE32EE04}.Debug|Any CPU.ActiveCfg = Debug|Any CPU
		{60E5E37B-B0E2-4B20-844F-8ED8AE32EE04}.Debug|Any CPU.Build.0 = Debug|Any CPU
		{60E5E37B-B0E2-4B20-844F-8ED8AE32EE04}.Release|Any CPU.ActiveCfg = Release|Any CPU
		{60E5E37B-B0E2-4B20-844F-8ED8AE32EE04}.Release|Any CPU.Build.0 = Release|Any CPU
	EndGlobalSection
	GlobalSection(SolutionProperties) = preSolution
		HideSolutionNode = FALSE
	EndGlobalSection
	GlobalSection(ExtensibilityGlobals) = postSolution
		SolutionGuid = {255DC93F-7D38-4F4C-B860-A15B52632BD4}
	EndGlobalSection
EndGlobal
